// !$*UTF8*$!
{
	archiveVersion = 1;
	classes = {
	};
	objectVersion = 56;
	objects = {

/* Begin PBXBuildFile section */
		0844611029C949D4008A4726 /* AppDelegate.swift in Sources */ = {isa = PBXBuildFile; fileRef = 0844610F29C949D4008A4726 /* AppDelegate.swift */; };
		0844611229C949D4008A4726 /* ContentView.swift in Sources */ = {isa = PBXBuildFile; fileRef = 0844611129C949D4008A4726 /* ContentView.swift */; };
		0844611429C949D4008A4726 /* Experience.rcproject in Sources */ = {isa = PBXBuildFile; fileRef = 0844611329C949D4008A4726 /* Experience.rcproject */; };
		0844611629C949D7008A4726 /* Assets.xcassets in Resources */ = {isa = PBXBuildFile; fileRef = 0844611529C949D7008A4726 /* Assets.xcassets */; };
		0844611929C949D7008A4726 /* Preview Assets.xcassets in Resources */ = {isa = PBXBuildFile; fileRef = 0844611829C949D7008A4726 /* Preview Assets.xcassets */; };
		0844612329C949D7008A4726 /* LonelyscapeARTests.swift in Sources */ = {isa = PBXBuildFile; fileRef = 0844612229C949D7008A4726 /* LonelyscapeARTests.swift */; };
		0844612D29C949D7008A4726 /* LonelyscapeARUITests.swift in Sources */ = {isa = PBXBuildFile; fileRef = 0844612C29C949D7008A4726 /* LonelyscapeARUITests.swift */; };
		0844612F29C949D7008A4726 /* LonelyscapeARUITestsLaunchTests.swift in Sources */ = {isa = PBXBuildFile; fileRef = 0844612E29C949D7008A4726 /* LonelyscapeARUITestsLaunchTests.swift */; };
		08564BE329D09D7E0050B4D2 /* song.mp3 in Resources */ = {isa = PBXBuildFile; fileRef = 08564BE229D09D7E0050B4D2 /* song.mp3 */; };
		0876611729CF442B00C37959 /* playgroundView.swift in Sources */ = {isa = PBXBuildFile; fileRef = 0876611629CF442B00C37959 /* playgroundView.swift */; };
		0876611929CF595B00C37959 /* LaunchScreen.storyboard in Resources */ = {isa = PBXBuildFile; fileRef = 0876611829CF595B00C37959 /* LaunchScreen.storyboard */; };
/* End PBXBuildFile section */

/* Begin PBXContainerItemProxy section */
		0844611F29C949D7008A4726 /* PBXContainerItemProxy */ = {
			isa = PBXContainerItemProxy;
			containerPortal = 0844610429C949D4008A4726 /* Project object */;
			proxyType = 1;
			remoteGlobalIDString = 0844610B29C949D4008A4726;
			remoteInfo = LonelyscapeAR;
		};
		0844612929C949D7008A4726 /* PBXContainerItemProxy */ = {
			isa = PBXContainerItemProxy;
			containerPortal = 0844610429C949D4008A4726 /* Project object */;
			proxyType = 1;
			remoteGlobalIDString = 0844610B29C949D4008A4726;
			remoteInfo = LonelyscapeAR;
		};
/* End PBXContainerItemProxy section */

/* Begin PBXFileReference section */
		0844610C29C949D4008A4726 /* LonelyscapeAR.app */ = {isa = PBXFileReference; explicitFileType = wrapper.application; includeInIndex = 0; path = LonelyscapeAR.app; sourceTree = BUILT_PRODUCTS_DIR; };
		0844610F29C949D4008A4726 /* AppDelegate.swift */ = {isa = PBXFileReference; lastKnownFileType = sourcecode.swift; path = AppDelegate.swift; sourceTree = "<group>"; };
		0844611129C949D4008A4726 /* ContentView.swift */ = {isa = PBXFileReference; lastKnownFileType = sourcecode.swift; path = ContentView.swift; sourceTree = "<group>"; };
		0844611329C949D4008A4726 /* Experience.rcproject */ = {isa = PBXFileReference; lastKnownFileType = file.rcproject; path = Experience.rcproject; sourceTree = "<group>"; };
		0844611529C949D7008A4726 /* Assets.xcassets */ = {isa = PBXFileReference; lastKnownFileType = folder.assetcatalog; path = Assets.xcassets; sourceTree = "<group>"; };
		0844611829C949D7008A4726 /* Preview Assets.xcassets */ = {isa = PBXFileReference; lastKnownFileType = folder.assetcatalog; path = "Preview Assets.xcassets"; sourceTree = "<group>"; };
		0844611E29C949D7008A4726 /* LonelyscapeARTests.xctest */ = {isa = PBXFileReference; explicitFileType = wrapper.cfbundle; includeInIndex = 0; path = LonelyscapeARTests.xctest; sourceTree = BUILT_PRODUCTS_DIR; };
		0844612229C949D7008A4726 /* LonelyscapeARTests.swift */ = {isa = PBXFileReference; lastKnownFileType = sourcecode.swift; path = LonelyscapeARTests.swift; sourceTree = "<group>"; };
		0844612829C949D7008A4726 /* LonelyscapeARUITests.xctest */ = {isa = PBXFileReference; explicitFileType = wrapper.cfbundle; includeInIndex = 0; path = LonelyscapeARUITests.xctest; sourceTree = BUILT_PRODUCTS_DIR; };
		0844612C29C949D7008A4726 /* LonelyscapeARUITests.swift */ = {isa = PBXFileReference; lastKnownFileType = sourcecode.swift; path = LonelyscapeARUITests.swift; sourceTree = "<group>"; };
		0844612E29C949D7008A4726 /* LonelyscapeARUITestsLaunchTests.swift */ = {isa = PBXFileReference; lastKnownFileType = sourcecode.swift; path = LonelyscapeARUITestsLaunchTests.swift; sourceTree = "<group>"; };
		08564BE229D09D7E0050B4D2 /* song.mp3 */ = {isa = PBXFileReference; lastKnownFileType = audio.mp3; name = song.mp3; path = ../../../../../Downloads/song.mp3; sourceTree = "<group>"; };
		0876611629CF442B00C37959 /* playgroundView.swift */ = {isa = PBXFileReference; lastKnownFileType = sourcecode.swift; path = playgroundView.swift; sourceTree = "<group>"; };
		0876611829CF595B00C37959 /* LaunchScreen.storyboard */ = {isa = PBXFileReference; lastKnownFileType = file.storyboard; path = LaunchScreen.storyboard; sourceTree = "<group>"; };
/* End PBXFileReference section */

/* Begin PBXFrameworksBuildPhase section */
		0844610929C949D4008A4726 /* Frameworks */ = {
			isa = PBXFrameworksBuildPhase;
			buildActionMask = 2147483647;
			files = (
			);
			runOnlyForDeploymentPostprocessing = 0;
		};
		0844611B29C949D7008A4726 /* Frameworks */ = {
			isa = PBXFrameworksBuildPhase;
			buildActionMask = 2147483647;
			files = (
			);
			runOnlyForDeploymentPostprocessing = 0;
		};
		0844612529C949D7008A4726 /* Frameworks */ = {
			isa = PBXFrameworksBuildPhase;
			buildActionMask = 2147483647;
			files = (
			);
			runOnlyForDeploymentPostprocessing = 0;
		};
/* End PBXFrameworksBuildPhase section */

/* Begin PBXGroup section */
		0844610329C949D4008A4726 = {
			isa = PBXGroup;
			children = (
				0876611829CF595B00C37959 /* LaunchScreen.storyboard */,
				0844610E29C949D4008A4726 /* LonelyscapeAR */,
				0844612129C949D7008A4726 /* LonelyscapeARTests */,
				0844612B29C949D7008A4726 /* LonelyscapeARUITests */,
				0844610D29C949D4008A4726 /* Products */,
			);
			sourceTree = "<group>";
		};
		0844610D29C949D4008A4726 /* Products */ = {
			isa = PBXGroup;
			children = (
				0844610C29C949D4008A4726 /* LonelyscapeAR.app */,
				0844611E29C949D7008A4726 /* LonelyscapeARTests.xctest */,
				0844612829C949D7008A4726 /* LonelyscapeARUITests.xctest */,
			);
			name = Products;
			sourceTree = "<group>";
		};
		0844610E29C949D4008A4726 /* LonelyscapeAR */ = {
			isa = PBXGroup;
			children = (
				0844610F29C949D4008A4726 /* AppDelegate.swift */,
				0844611129C949D4008A4726 /* ContentView.swift */,
				0844611329C949D4008A4726 /* Experience.rcproject */,
				0844611529C949D7008A4726 /* Assets.xcassets */,
				08564BE229D09D7E0050B4D2 /* song.mp3 */,
				0844611729C949D7008A4726 /* Preview Content */,
				0876611629CF442B00C37959 /* playgroundView.swift */,
			);
			path = LonelyscapeAR;
			sourceTree = "<group>";
		};
		0844611729C949D7008A4726 /* Preview Content */ = {
			isa = PBXGroup;
			children = (
				0844611829C949D7008A4726 /* Preview Assets.xcassets */,
			);
			path = "Preview Content";
			sourceTree = "<group>";
		};
		0844612129C949D7008A4726 /* LonelyscapeARTests */ = {
			isa = PBXGroup;
			children = (
				0844612229C949D7008A4726 /* LonelyscapeARTests.swift */,
			);
			path = LonelyscapeARTests;
			sourceTree = "<group>";
		};
		0844612B29C949D7008A4726 /* LonelyscapeARUITests */ = {
			isa = PBXGroup;
			children = (
				0844612C29C949D7008A4726 /* LonelyscapeARUITests.swift */,
				0844612E29C949D7008A4726 /* LonelyscapeARUITestsLaunchTests.swift */,
			);
			path = LonelyscapeARUITests;
			sourceTree = "<group>";
		};
/* End PBXGroup section */

/* Begin PBXNativeTarget section */
		0844610B29C949D4008A4726 /* LonelyscapeAR */ = {
			isa = PBXNativeTarget;
			buildConfigurationList = 0844613229C949D7008A4726 /* Build configuration list for PBXNativeTarget "LonelyscapeAR" */;
			buildPhases = (
				0844610829C949D4008A4726 /* Sources */,
				0844610929C949D4008A4726 /* Frameworks */,
				0844610A29C949D4008A4726 /* Resources */,
			);
			buildRules = (
			);
			dependencies = (
			);
			name = LonelyscapeAR;
			productName = LonelyscapeAR;
			productReference = 0844610C29C949D4008A4726 /* LonelyscapeAR.app */;
			productType = "com.apple.product-type.application";
		};
		0844611D29C949D7008A4726 /* LonelyscapeARTests */ = {
			isa = PBXNativeTarget;
			buildConfigurationList = 0844613529C949D7008A4726 /* Build configuration list for PBXNativeTarget "LonelyscapeARTests" */;
			buildPhases = (
				0844611A29C949D7008A4726 /* Sources */,
				0844611B29C949D7008A4726 /* Frameworks */,
				0844611C29C949D7008A4726 /* Resources */,
			);
			buildRules = (
			);
			dependencies = (
				0844612029C949D7008A4726 /* PBXTargetDependency */,
			);
			name = LonelyscapeARTests;
			productName = LonelyscapeARTests;
			productReference = 0844611E29C949D7008A4726 /* LonelyscapeARTests.xctest */;
			productType = "com.apple.product-type.bundle.unit-test";
		};
		0844612729C949D7008A4726 /* LonelyscapeARUITests */ = {
			isa = PBXNativeTarget;
			buildConfigurationList = 0844613829C949D7008A4726 /* Build configuration list for PBXNativeTarget "LonelyscapeARUITests" */;
			buildPhases = (
				0844612429C949D7008A4726 /* Sources */,
				0844612529C949D7008A4726 /* Frameworks */,
				0844612629C949D7008A4726 /* Resources */,
			);
			buildRules = (
			);
			dependencies = (
				0844612A29C949D7008A4726 /* PBXTargetDependency */,
			);
			name = LonelyscapeARUITests;
			productName = LonelyscapeARUITests;
			productReference = 0844612829C949D7008A4726 /* LonelyscapeARUITests.xctest */;
			productType = "com.apple.product-type.bundle.ui-testing";
		};
/* End PBXNativeTarget section */

/* Begin PBXProject section */
		0844610429C949D4008A4726 /* Project object */ = {
			isa = PBXProject;
			attributes = {
				BuildIndependentTargetsInParallel = 1;
				LastSwiftUpdateCheck = 1420;
				LastUpgradeCheck = 1420;
				TargetAttributes = {
					0844610B29C949D4008A4726 = {
						CreatedOnToolsVersion = 14.2;
					};
					0844611D29C949D7008A4726 = {
						CreatedOnToolsVersion = 14.2;
						TestTargetID = 0844610B29C949D4008A4726;
					};
					0844612729C949D7008A4726 = {
						CreatedOnToolsVersion = 14.2;
						TestTargetID = 0844610B29C949D4008A4726;
					};
				};
			};
			buildConfigurationList = 0844610729C949D4008A4726 /* Build configuration list for PBXProject "LonelyscapeAR" */;
			compatibilityVersion = "Xcode 14.0";
			developmentRegion = en;
			hasScannedForEncodings = 0;
			knownRegions = (
				en,
				Base,
			);
			mainGroup = 0844610329C949D4008A4726;
			productRefGroup = 0844610D29C949D4008A4726 /* Products */;
			projectDirPath = "";
			projectRoot = "";
			targets = (
				0844610B29C949D4008A4726 /* LonelyscapeAR */,
				0844611D29C949D7008A4726 /* LonelyscapeARTests */,
				0844612729C949D7008A4726 /* LonelyscapeARUITests */,
			);
		};
/* End PBXProject section */

/* Begin PBXResourcesBuildPhase section */
		0844610A29C949D4008A4726 /* Resources */ = {
			isa = PBXResourcesBuildPhase;
			buildActionMask = 2147483647;
			files = (
				0876611929CF595B00C37959 /* LaunchScreen.storyboard in Resources */,
				08564BE329D09D7E0050B4D2 /* song.mp3 in Resources */,
				0844611929C949D7008A4726 /* Preview Assets.xcassets in Resources */,
				0844611629C949D7008A4726 /* Assets.xcassets in Resources */,
			);
			runOnlyForDeploymentPostprocessing = 0;
		};
		0844611C29C949D7008A4726 /* Resources */ = {
			isa = PBXResourcesBuildPhase;
			buildActionMask = 2147483647;
			files = (
			);
			runOnlyForDeploymentPostprocessing = 0;
		};
		0844612629C949D7008A4726 /* Resources */ = {
			isa = PBXResourcesBuildPhase;
			buildActionMask = 2147483647;
			files = (
			);
			runOnlyForDeploymentPostprocessing = 0;
		};
/* End PBXResourcesBuildPhase section */

/* Begin PBXSourcesBuildPhase section */
		0844610829C949D4008A4726 /* Sources */ = {
			isa = PBXSourcesBuildPhase;
			buildActionMask = 2147483647;
			files = (
				0844611229C949D4008A4726 /* ContentView.swift in Sources */,
				0844611029C949D4008A4726 /* AppDelegate.swift in Sources */,
				0844611429C949D4008A4726 /* Experience.rcproject in Sources */,
				0876611729CF442B00C37959 /* playgroundView.swift in Sources */,
			);
			runOnlyForDeploymentPostprocessing = 0;
		};
		0844611A29C949D7008A4726 /* Sources */ = {
			isa = PBXSourcesBuildPhase;
			buildActionMask = 2147483647;
			files = (
				0844612329C949D7008A4726 /* LonelyscapeARTests.swift in Sources */,
			);
			runOnlyForDeploymentPostprocessing = 0;
		};
		0844612429C949D7008A4726 /* Sources */ = {
			isa = PBXSourcesBuildPhase;
			buildActionMask = 2147483647;
			files = (
				0844612D29C949D7008A4726 /* LonelyscapeARUITests.swift in Sources */,
				0844612F29C949D7008A4726 /* LonelyscapeARUITestsLaunchTests.swift in Sources */,
			);
			runOnlyForDeploymentPostprocessing = 0;
		};
/* End PBXSourcesBuildPhase section */

/* Begin PBXTargetDependency section */
		0844612029C949D7008A4726 /* PBXTargetDependency */ = {
			isa = PBXTargetDependency;
			target = 0844610B29C949D4008A4726 /* LonelyscapeAR */;
			targetProxy = 0844611F29C949D7008A4726 /* PBXContainerItemProxy */;
		};
		0844612A29C949D7008A4726 /* PBXTargetDependency */ = {
			isa = PBXTargetDependency;
			target = 0844610B29C949D4008A4726 /* LonelyscapeAR */;
			targetProxy = 0844612929C949D7008A4726 /* PBXContainerItemProxy */;
		};
/* End PBXTargetDependency section */

/* Begin XCBuildConfiguration section */
		0844613029C949D7008A4726 /* Debug */ = {
			isa = XCBuildConfiguration;
			buildSettings = {
				ALWAYS_SEARCH_USER_PATHS = NO;
				CLANG_ANALYZER_NONNULL = YES;
				CLANG_ANALYZER_NUMBER_OBJECT_CONVERSION = YES_AGGRESSIVE;
				CLANG_CXX_LANGUAGE_STANDARD = "gnu++20";
				CLANG_ENABLE_MODULES = YES;
				CLANG_ENABLE_OBJC_ARC = YES;
				CLANG_ENABLE_OBJC_WEAK = YES;
				CLANG_WARN_BLOCK_CAPTURE_AUTORELEASING = YES;
				CLANG_WARN_BOOL_CONVERSION = YES;
				CLANG_WARN_COMMA = YES;
				CLANG_WARN_CONSTANT_CONVERSION = YES;
				CLANG_WARN_DEPRECATED_OBJC_IMPLEMENTATIONS = YES;
				CLANG_WARN_DIRECT_OBJC_ISA_USAGE = YES_ERROR;
				CLANG_WARN_DOCUMENTATION_COMMENTS = YES;
				CLANG_WARN_EMPTY_BODY = YES;
				CLANG_WARN_ENUM_CONVERSION = YES;
				CLANG_WARN_INFINITE_RECURSION = YES;
				CLANG_WARN_INT_CONVERSION = YES;
				CLANG_WARN_NON_LITERAL_NULL_CONVERSION = YES;
				CLANG_WARN_OBJC_IMPLICIT_RETAIN_SELF = YES;
				CLANG_WARN_OBJC_LITERAL_CONVERSION = YES;
				CLANG_WARN_OBJC_ROOT_CLASS = YES_ERROR;
				CLANG_WARN_QUOTED_INCLUDE_IN_FRAMEWORK_HEADER = YES;
				CLANG_WARN_RANGE_LOOP_ANALYSIS = YES;
				CLANG_WARN_STRICT_PROTOTYPES = YES;
				CLANG_WARN_SUSPICIOUS_MOVE = YES;
				CLANG_WARN_UNGUARDED_AVAILABILITY = YES_AGGRESSIVE;
				CLANG_WARN_UNREACHABLE_CODE = YES;
				CLANG_WARN__DUPLICATE_METHOD_MATCH = YES;
				COPY_PHASE_STRIP = NO;
				DEBUG_INFORMATION_FORMAT = dwarf;
				ENABLE_STRICT_OBJC_MSGSEND = YES;
				ENABLE_TESTABILITY = YES;
				GCC_C_LANGUAGE_STANDARD = gnu11;
				GCC_DYNAMIC_NO_PIC = NO;
				GCC_NO_COMMON_BLOCKS = YES;
				GCC_OPTIMIZATION_LEVEL = 0;
				GCC_PREPROCESSOR_DEFINITIONS = (
					"DEBUG=1",
					"$(inherited)",
				);
				GCC_WARN_64_TO_32_BIT_CONVERSION = YES;
				GCC_WARN_ABOUT_RETURN_TYPE = YES_ERROR;
				GCC_WARN_UNDECLARED_SELECTOR = YES;
				GCC_WARN_UNINITIALIZED_AUTOS = YES_AGGRESSIVE;
				GCC_WARN_UNUSED_FUNCTION = YES;
				GCC_WARN_UNUSED_VARIABLE = YES;
				IPHONEOS_DEPLOYMENT_TARGET = 14.6;
				MTL_ENABLE_DEBUG_INFO = INCLUDE_SOURCE;
				MTL_FAST_MATH = YES;
				ONLY_ACTIVE_ARCH = YES;
				SDKROOT = iphoneos;
				SWIFT_ACTIVE_COMPILATION_CONDITIONS = DEBUG;
				SWIFT_OPTIMIZATION_LEVEL = "-Onone";
			};
			name = Debug;
		};
		0844613129C949D7008A4726 /* Release */ = {
			isa = XCBuildConfiguration;
			buildSettings = {
				ALWAYS_SEARCH_USER_PATHS = NO;
				CLANG_ANALYZER_NONNULL = YES;
				CLANG_ANALYZER_NUMBER_OBJECT_CONVERSION = YES_AGGRESSIVE;
				CLANG_CXX_LANGUAGE_STANDARD = "gnu++20";
				CLANG_ENABLE_MODULES = YES;
				CLANG_ENABLE_OBJC_ARC = YES;
				CLANG_ENABLE_OBJC_WEAK = YES;
				CLANG_WARN_BLOCK_CAPTURE_AUTORELEASING = YES;
				CLANG_WARN_BOOL_CONVERSION = YES;
				CLANG_WARN_COMMA = YES;
				CLANG_WARN_CONSTANT_CONVERSION = YES;
				CLANG_WARN_DEPRECATED_OBJC_IMPLEMENTATIONS = YES;
				CLANG_WARN_DIRECT_OBJC_ISA_USAGE = YES_ERROR;
				CLANG_WARN_DOCUMENTATION_COMMENTS = YES;
				CLANG_WARN_EMPTY_BODY = YES;
				CLANG_WARN_ENUM_CONVERSION = YES;
				CLANG_WARN_INFINITE_RECURSION = YES;
				CLANG_WARN_INT_CONVERSION = YES;
				CLANG_WARN_NON_LITERAL_NULL_CONVERSION = YES;
				CLANG_WARN_OBJC_IMPLICIT_RETAIN_SELF = YES;
				CLANG_WARN_OBJC_LITERAL_CONVERSION = YES;
				CLANG_WARN_OBJC_ROOT_CLASS = YES_ERROR;
				CLANG_WARN_QUOTED_INCLUDE_IN_FRAMEWORK_HEADER = YES;
				CLANG_WARN_RANGE_LOOP_ANALYSIS = YES;
				CLANG_WARN_STRICT_PROTOTYPES = YES;
				CLANG_WARN_SUSPICIOUS_MOVE = YES;
				CLANG_WARN_UNGUARDED_AVAILABILITY = YES_AGGRESSIVE;
				CLANG_WARN_UNREACHABLE_CODE = YES;
				CLANG_WARN__DUPLICATE_METHOD_MATCH = YES;
				COPY_PHASE_STRIP = NO;
				DEBUG_INFORMATION_FORMAT = "dwarf-with-dsym";
				ENABLE_NS_ASSERTIONS = NO;
				ENABLE_STRICT_OBJC_MSGSEND = YES;
				GCC_C_LANGUAGE_STANDARD = gnu11;
				GCC_NO_COMMON_BLOCKS = YES;
				GCC_WARN_64_TO_32_BIT_CONVERSION = YES;
				GCC_WARN_ABOUT_RETURN_TYPE = YES_ERROR;
				GCC_WARN_UNDECLARED_SELECTOR = YES;
				GCC_WARN_UNINITIALIZED_AUTOS = YES_AGGRESSIVE;
				GCC_WARN_UNUSED_FUNCTION = YES;
				GCC_WARN_UNUSED_VARIABLE = YES;
				IPHONEOS_DEPLOYMENT_TARGET = 14.6;
				MTL_ENABLE_DEBUG_INFO = NO;
				MTL_FAST_MATH = YES;
				SDKROOT = iphoneos;
				SWIFT_COMPILATION_MODE = wholemodule;
				SWIFT_OPTIMIZATION_LEVEL = "-O";
				VALIDATE_PRODUCT = YES;
			};
			name = Release;
		};
		0844613329C949D7008A4726 /* Debug */ = {
			isa = XCBuildConfiguration;
			buildSettings = {
				ASSETCATALOG_COMPILER_APPICON_NAME = AppIcon;
				ASSETCATALOG_COMPILER_GLOBAL_ACCENT_COLOR_NAME = AccentColor;
				CODE_SIGN_STYLE = Automatic;
				CURRENT_PROJECT_VERSION = 1;
				DEVELOPMENT_ASSET_PATHS = "\"LonelyscapeAR/Preview Content\"";
				DEVELOPMENT_TEAM = 6NVYJU48V6;
				ENABLE_PREVIEWS = YES;
				GENERATE_INFOPLIST_FILE = YES;
				INFOPLIST_KEY_NSCameraUsageDescription = "";
				INFOPLIST_KEY_UIApplicationSupportsIndirectInputEvents = YES;
				INFOPLIST_KEY_UILaunchScreen_Generation = YES;
				INFOPLIST_KEY_UILaunchStoryboardName = LaunchScreen.storyboard;
				INFOPLIST_KEY_UIRequiredDeviceCapabilities = arkit;
				INFOPLIST_KEY_UIStatusBarHidden = YES;
				INFOPLIST_KEY_UISupportedInterfaceOrientations_iPad = "UIInterfaceOrientationPortrait UIInterfaceOrientationPortraitUpsideDown UIInterfaceOrientationLandscapeLeft UIInterfaceOrientationLandscapeRight";
				INFOPLIST_KEY_UISupportedInterfaceOrientations_iPhone = "UIInterfaceOrientationPortrait UIInterfaceOrientationLandscapeLeft UIInterfaceOrientationLandscapeRight";
				IPHONEOS_DEPLOYMENT_TARGET = 13.5;
				LD_RUNPATH_SEARCH_PATHS = (
					"$(inherited)",
					"@executable_path/Frameworks",
				);
				MARKETING_VERSION = 1.0;
				PRODUCT_BUNDLE_IDENTIFIER = com.Henshin.LonelyscapeAR;
				PRODUCT_NAME = "$(TARGET_NAME)";
				SWIFT_EMIT_LOC_STRINGS = YES;
				SWIFT_VERSION = 5.0;
				TARGETED_DEVICE_FAMILY = "1,2";
			};
			name = Debug;
		};
		0844613429C949D7008A4726 /* Release */ = {
			isa = XCBuildConfiguration;
			buildSettings = {
				ASSETCATALOG_COMPILER_APPICON_NAME = AppIcon;
				ASSETCATALOG_COMPILER_GLOBAL_ACCENT_COLOR_NAME = AccentColor;
				CODE_SIGN_STYLE = Automatic;
				CURRENT_PROJECT_VERSION = 1;
				DEVELOPMENT_ASSET_PATHS = "\"LonelyscapeAR/Preview Content\"";
				DEVELOPMENT_TEAM = 6NVYJU48V6;
				ENABLE_PREVIEWS = YES;
				GENERATE_INFOPLIST_FILE = YES;
				INFOPLIST_KEY_NSCameraUsageDescription = "";
				INFOPLIST_KEY_UIApplicationSupportsIndirectInputEvents = YES;
				INFOPLIST_KEY_UILaunchScreen_Generation = YES;
				INFOPLIST_KEY_UILaunchStoryboardName = LaunchScreen.storyboard;
				INFOPLIST_KEY_UIRequiredDeviceCapabilities = arkit;
				INFOPLIST_KEY_UIStatusBarHidden = YES;
				INFOPLIST_KEY_UISupportedInterfaceOrientations_iPad = "UIInterfaceOrientationPortrait UIInterfaceOrientationPortraitUpsideDown UIInterfaceOrientationLandscapeLeft UIInterfaceOrientationLandscapeRight";
				INFOPLIST_KEY_UISupportedInterfaceOrientations_iPhone = "UIInterfaceOrientationPortrait UIInterfaceOrientationLandscapeLeft UIInterfaceOrientationLandscapeRight";
				IPHONEOS_DEPLOYMENT_TARGET = 13.5;
				LD_RUNPATH_SEARCH_PATHS = (
					"$(inherited)",
					"@executable_path/Frameworks",
				);
				MARKETING_VERSION = 1.0;
				PRODUCT_BUNDLE_IDENTIFIER = com.Henshin.LonelyscapeAR;
				PRODUCT_NAME = "$(TARGET_NAME)";
				SWIFT_EMIT_LOC_STRINGS = YES;
				SWIFT_VERSION = 5.0;
				TARGETED_DEVICE_FAMILY = "1,2";
			};
			name = Release;
		};
		0844613629C949D7008A4726 /* Debug */ = {
			isa = XCBuildConfiguration;
			buildSettings = {
				ALWAYS_EMBED_SWIFT_STANDARD_LIBRARIES = YES;
				BUNDLE_LOADER = "$(TEST_HOST)";
				CODE_SIGN_STYLE = Automatic;
				CURRENT_PROJECT_VERSION = 1;
				GENERATE_INFOPLIST_FILE = YES;
				IPHONEOS_DEPLOYMENT_TARGET = 16.2;
				MARKETING_VERSION = 1.0;
				PRODUCT_BUNDLE_IDENTIFIER = com.Henshin.LonelyscapeARTests;
				PRODUCT_NAME = "$(TARGET_NAME)";
				SWIFT_EMIT_LOC_STRINGS = NO;
				SWIFT_VERSION = 5.0;
				TARGETED_DEVICE_FAMILY = "1,2";
				TEST_HOST = "$(BUILT_PRODUCTS_DIR)/LonelyscapeAR.app/$(BUNDLE_EXECUTABLE_FOLDER_PATH)/LonelyscapeAR";
			};
			name = Debug;
		};
		0844613729C949D7008A4726 /* Release */ = {
			isa = XCBuildConfiguration;
			buildSettings = {
				ALWAYS_EMBED_SWIFT_STANDARD_LIBRARIES = YES;
				BUNDLE_LOADER = "$(TEST_HOST)";
				CODE_SIGN_STYLE = Automatic;
				CURRENT_PROJECT_VERSION = 1;
				GENERATE_INFOPLIST_FILE = YES;
				IPHONEOS_DEPLOYMENT_TARGET = 16.2;
				MARKETING_VERSION = 1.0;
				PRODUCT_BUNDLE_IDENTIFIER = com.Henshin.LonelyscapeARTests;
				PRODUCT_NAME = "$(TARGET_NAME)";
				SWIFT_EMIT_LOC_STRINGS = NO;
				SWIFT_VERSION = 5.0;
				TARGETED_DEVICE_FAMILY = "1,2";
				TEST_HOST = "$(BUILT_PRODUCTS_DIR)/LonelyscapeAR.app/$(BUNDLE_EXECUTABLE_FOLDER_PATH)/LonelyscapeAR";
			};
			name = Release;
		};
		0844613929C949D7008A4726 /* Debug */ = {
			isa = XCBuildConfiguration;
			buildSettings = {
				ALWAYS_EMBED_SWIFT_STANDARD_LIBRARIES = YES;
				CODE_SIGN_STYLE = Automatic;
				CURRENT_PROJECT_VERSION = 1;
				GENERATE_INFOPLIST_FILE = YES;
				MARKETING_VERSION = 1.0;
				PRODUCT_BUNDLE_IDENTIFIER = com.Henshin.LonelyscapeARUITests;
				PRODUCT_NAME = "$(TARGET_NAME)";
				SWIFT_EMIT_LOC_STRINGS = NO;
				SWIFT_VERSION = 5.0;
				TARGETED_DEVICE_FAMILY = "1,2";
				TEST_TARGET_NAME = LonelyscapeAR;
			};
			name = Debug;
		};
		0844613A29C949D7008A4726 /* Release */ = {
			isa = XCBuildConfiguration;
			buildSettings = {
				ALWAYS_EMBED_SWIFT_STANDARD_LIBRARIES = YES;
				CODE_SIGN_STYLE = Automatic;
				CURRENT_PROJECT_VERSION = 1;
				GENERATE_INFOPLIST_FILE = YES;
				MARKETING_VERSION = 1.0;
				PRODUCT_BUNDLE_IDENTIFIER = com.Henshin.LonelyscapeARUITests;
				PRODUCT_NAME = "$(TARGET_NAME)";
				SWIFT_EMIT_LOC_STRINGS = NO;
				SWIFT_VERSION = 5.0;
				TARGETED_DEVICE_FAMILY = "1,2";
				TEST_TARGET_NAME = LonelyscapeAR;
			};
			name = Release;
		};
/* End XCBuildConfiguration section */

/* Begin XCConfigurationList section */
		0844610729C949D4008A4726 /* Build configuration list for PBXProject "LonelyscapeAR" */ = {
			isa = XCConfigurationList;
			buildConfigurations = (
				0844613029C949D7008A4726 /* Debug */,
				0844613129C949D7008A4726 /* Release */,
			);
			defaultConfigurationIsVisible = 0;
			defaultConfigurationName = Release;
		};
		0844613229C949D7008A4726 /* Build configuration list for PBXNativeTarget "LonelyscapeAR" */ = {
			isa = XCConfigurationList;
			buildConfigurations = (
				0844613329C949D7008A4726 /* Debug */,
				0844613429C949D7008A4726 /* Release */,
			);
			defaultConfigurationIsVisible = 0;
			defaultConfigurationName = Release;
		};
		0844613529C949D7008A4726 /* Build configuration list for PBXNativeTarget "LonelyscapeARTests" */ = {
			isa = XCConfigurationList;
			buildConfigurations = (
				0844613629C949D7008A4726 /* Debug */,
				0844613729C949D7008A4726 /* Release */,
			);
			defaultConfigurationIsVisible = 0;
			defaultConfigurationName = Release;
		};
		0844613829C949D7008A4726 /* Build configuration list for PBXNativeTarget "LonelyscapeARUITests" */ = {
			isa = XCConfigurationList;
			buildConfigurations = (
				0844613929C949D7008A4726 /* Debug */,
				0844613A29C949D7008A4726 /* Release */,
			);
			defaultConfigurationIsVisible = 0;
			defaultConfigurationName = Release;
		};
/* End XCConfigurationList section */
	};
	rootObject = 0844610429C949D4008A4726 /* Project object */;
}
